
Microsoft Visual Studio Solution File, Format Version 12.00
# Visual Studio Version 16
VisualStudioVersion = 16.0.29021.104
MinimumVisualStudioVersion = 10.0.40219.1
Project("{9A19103F-16F7-4668-BE54-9A1E7A4F7556}") = "MyDotNetCoreWpfApp", "MyDotNetCoreWpfApp\MyDotNetCoreWpfApp.csproj", "{30071526-30BD-4A85-AE9B-C64AA7B5D10C}"
EndProject
Global
	GlobalSection(SolutionConfigurationPlatforms) = preSolution
		Debug|Any CPU = Debug|Any CPU
		Release|Any CPU = Release|Any CPU
	EndGlobalSection
	GlobalSection(ProjectConfigurationPlatforms) = postSolution
		{30071526-30BD-4A85-AE9B-C64AA7B5D10C}.Debug|Any CPU.ActiveCfg = Debug|Any CPU
		{30071526-30BD-4A85-AE9B-C64AA7B5D10C}.Debug|Any CPU.Build.0 = Debug|Any CPU
		{30071526-30BD-4A85-AE9B-C64AA7B5D10C}.Release|Any CPU.ActiveCfg = Release|Any CPU
		{30071526-30BD-4A85-AE9B-C64AA7B5D10C}.Release|Any CPU.Build.0 = Release|Any CPU
	EndGlobalSection
	GlobalSection(SolutionProperties) = preSolution
		HideSolutionNode = FALSE
	EndGlobalSection
	GlobalSection(ExtensibilityGlobals) = postSolution
		SolutionGuid = {7D84EC06-28BE-4F1F-A042-9A548C533B75}
	EndGlobalSection
EndGlobal
