
Microsoft Visual Studio Solution File, Format Version 12.00
# Visual Studio Version 16
VisualStudioVersion = 16.0.29021.104
MinimumVisualStudioVersion = 10.0.40219.1
Project("{C7167F0D-BC9F-4E6E-AFE1-012C56B48DB5}") = "MyDotNetCoreWpfApp.Packaging", "MyDotNetCoreWpfApp.Packaging\MyDotNetCoreWpfApp.Packaging.wapproj", "{66116A5F-B684-4CA2-A8F8-2C60F1831414}"
EndProject
Project("{9A19103F-16F7-4668-BE54-9A1E7A4F7556}") = "MyDotNetCoreWpfApp.Core", "MyDotNetCoreWpfApp.Core\MyDotNetCoreWpfApp.Core.csproj", "{5975B246-99BB-4590-8DD0-BF1C0A069A32}"
EndProject
Project("{9A19103F-16F7-4668-BE54-9A1E7A4F7556}") = "MyDotNetCoreWpfAppPrism", "MyDotNetCoreWpfAppPrism\MyDotNetCoreWpfAppPrism.csproj", "{40B8459B-BCC2-49AD-9F9D-A112EE3D9870}"
EndProject
Global
	GlobalSection(SolutionConfigurationPlatforms) = preSolution
		Debug|Any CPU = Debug|Any CPU
		Debug|ARM = Debug|ARM
		Debug|ARM64 = Debug|ARM64
		Debug|x64 = Debug|x64
		Debug|x86 = Debug|x86
		Release|Any CPU = Release|Any CPU
		Release|ARM = Release|ARM
		Release|ARM64 = Release|ARM64
		Release|x64 = Release|x64
		Release|x86 = Release|x86
	EndGlobalSection
	GlobalSection(ProjectConfigurationPlatforms) = postSolution
		{66116A5F-B684-4CA2-A8F8-2C60F1831414}.Debug|Any CPU.ActiveCfg = Debug|Any CPU
		{66116A5F-B684-4CA2-A8F8-2C60F1831414}.Debug|Any CPU.Build.0 = Debug|Any CPU
		{66116A5F-B684-4CA2-A8F8-2C60F1831414}.Debug|Any CPU.Deploy.0 = Debug|Any CPU
		{66116A5F-B684-4CA2-A8F8-2C60F1831414}.Debug|ARM.ActiveCfg = Debug|ARM
		{66116A5F-B684-4CA2-A8F8-2C60F1831414}.Debug|ARM.Build.0 = Debug|ARM
		{66116A5F-B684-4CA2-A8F8-2C60F1831414}.Debug|ARM.Deploy.0 = Debug|ARM
		{66116A5F-B684-4CA2-A8F8-2C60F1831414}.Debug|ARM64.ActiveCfg = Debug|ARM64
		{66116A5F-B684-4CA2-A8F8-2C60F1831414}.Debug|ARM64.Build.0 = Debug|ARM64
		{66116A5F-B684-4CA2-A8F8-2C60F1831414}.Debug|ARM64.Deploy.0 = Debug|ARM64
		{66116A5F-B684-4CA2-A8F8-2C60F1831414}.Debug|x64.ActiveCfg = Debug|x64
		{66116A5F-B684-4CA2-A8F8-2C60F1831414}.Debug|x64.Build.0 = Debug|x64
		{66116A5F-B684-4CA2-A8F8-2C60F1831414}.Debug|x64.Deploy.0 = Debug|x64
		{66116A5F-B684-4CA2-A8F8-2C60F1831414}.Debug|x86.ActiveCfg = Debug|x86
		{66116A5F-B684-4CA2-A8F8-2C60F1831414}.Debug|x86.Build.0 = Debug|x86
		{66116A5F-B684-4CA2-A8F8-2C60F1831414}.Debug|x86.Deploy.0 = Debug|x86
		{66116A5F-B684-4CA2-A8F8-2C60F1831414}.Release|Any CPU.ActiveCfg = Release|Any CPU
		{66116A5F-B684-4CA2-A8F8-2C60F1831414}.Release|Any CPU.Build.0 = Release|Any CPU
		{66116A5F-B684-4CA2-A8F8-2C60F1831414}.Release|Any CPU.Deploy.0 = Release|Any CPU
		{66116A5F-B684-4CA2-A8F8-2C60F1831414}.Release|ARM.ActiveCfg = Release|ARM
		{66116A5F-B684-4CA2-A8F8-2C60F1831414}.Release|ARM.Build.0 = Release|ARM
		{66116A5F-B684-4CA2-A8F8-2C60F1831414}.Release|ARM.Deploy.0 = Release|ARM
		{66116A5F-B684-4CA2-A8F8-2C60F1831414}.Release|ARM64.ActiveCfg = Release|ARM64
		{66116A5F-B684-4CA2-A8F8-2C60F1831414}.Release|ARM64.Build.0 = Release|ARM64
		{66116A5F-B684-4CA2-A8F8-2C60F1831414}.Release|ARM64.Deploy.0 = Release|ARM64
		{66116A5F-B684-4CA2-A8F8-2C60F1831414}.Release|x64.ActiveCfg = Release|x64
		{66116A5F-B684-4CA2-A8F8-2C60F1831414}.Release|x64.Build.0 = Release|x64
		{66116A5F-B684-4CA2-A8F8-2C60F1831414}.Release|x64.Deploy.0 = Release|x64
		{66116A5F-B684-4CA2-A8F8-2C60F1831414}.Release|x86.ActiveCfg = Release|x86
		{66116A5F-B684-4CA2-A8F8-2C60F1831414}.Release|x86.Build.0 = Release|x86
		{66116A5F-B684-4CA2-A8F8-2C60F1831414}.Release|x86.Deploy.0 = Release|x86
		{5975B246-99BB-4590-8DD0-BF1C0A069A32}.Debug|Any CPU.ActiveCfg = Debug|Any CPU
		{5975B246-99BB-4590-8DD0-BF1C0A069A32}.Debug|Any CPU.Build.0 = Debug|Any CPU
		{5975B246-99BB-4590-8DD0-BF1C0A069A32}.Debug|ARM.ActiveCfg = Debug|Any CPU
		{5975B246-99BB-4590-8DD0-BF1C0A069A32}.Debug|ARM.Build.0 = Debug|Any CPU
		{5975B246-99BB-4590-8DD0-BF1C0A069A32}.Debug|ARM64.ActiveCfg = Debug|Any CPU
		{5975B246-99BB-4590-8DD0-BF1C0A069A32}.Debug|ARM64.Build.0 = Debug|Any CPU
		{5975B246-99BB-4590-8DD0-BF1C0A069A32}.Debug|x64.ActiveCfg = Debug|Any CPU
		{5975B246-99BB-4590-8DD0-BF1C0A069A32}.Debug|x64.Build.0 = Debug|Any CPU
		{5975B246-99BB-4590-8DD0-BF1C0A069A32}.Debug|x86.ActiveCfg = Debug|Any CPU
		{5975B246-99BB-4590-8DD0-BF1C0A069A32}.Debug|x86.Build.0 = Debug|Any CPU
		{5975B246-99BB-4590-8DD0-BF1C0A069A32}.Release|Any CPU.ActiveCfg = Release|Any CPU
		{5975B246-99BB-4590-8DD0-BF1C0A069A32}.Release|Any CPU.Build.0 = Release|Any CPU
		{5975B246-99BB-4590-8DD0-BF1C0A069A32}.Release|ARM.ActiveCfg = Release|Any CPU
		{5975B246-99BB-4590-8DD0-BF1C0A069A32}.Release|ARM.Build.0 = Release|Any CPU
		{5975B246-99BB-4590-8DD0-BF1C0A069A32}.Release|ARM64.ActiveCfg = Release|Any CPU
		{5975B246-99BB-4590-8DD0-BF1C0A069A32}.Release|ARM64.Build.0 = Release|Any CPU
		{5975B246-99BB-4590-8DD0-BF1C0A069A32}.Release|x64.ActiveCfg = Release|Any CPU
		{5975B246-99BB-4590-8DD0-BF1C0A069A32}.Release|x64.Build.0 = Release|Any CPU
		{5975B246-99BB-4590-8DD0-BF1C0A069A32}.Release|x86.ActiveCfg = Release|Any CPU
		{5975B246-99BB-4590-8DD0-BF1C0A069A32}.Release|x86.Build.0 = Release|Any CPU
		{40B8459B-BCC2-49AD-9F9D-A112EE3D9870}.Debug|Any CPU.ActiveCfg = Debug|Any CPU
		{40B8459B-BCC2-49AD-9F9D-A112EE3D9870}.Debug|Any CPU.Build.0 = Debug|Any CPU
		{40B8459B-BCC2-49AD-9F9D-A112EE3D9870}.Debug|ARM.ActiveCfg = Debug|Any CPU
		{40B8459B-BCC2-49AD-9F9D-A112EE3D9870}.Debug|ARM.Build.0 = Debug|Any CPU
		{40B8459B-BCC2-49AD-9F9D-A112EE3D9870}.Debug|ARM64.ActiveCfg = Debug|Any CPU
		{40B8459B-BCC2-49AD-9F9D-A112EE3D9870}.Debug|ARM64.Build.0 = Debug|Any CPU
		{40B8459B-BCC2-49AD-9F9D-A112EE3D9870}.Debug|x64.ActiveCfg = Debug|Any CPU
		{40B8459B-BCC2-49AD-9F9D-A112EE3D9870}.Debug|x64.Build.0 = Debug|Any CPU
		{40B8459B-BCC2-49AD-9F9D-A112EE3D9870}.Debug|x86.ActiveCfg = Debug|Any CPU
		{40B8459B-BCC2-49AD-9F9D-A112EE3D9870}.Debug|x86.Build.0 = Debug|Any CPU
		{40B8459B-BCC2-49AD-9F9D-A112EE3D9870}.Release|Any CPU.ActiveCfg = Release|Any CPU
		{40B8459B-BCC2-49AD-9F9D-A112EE3D9870}.Release|Any CPU.Build.0 = Release|Any CPU
		{40B8459B-BCC2-49AD-9F9D-A112EE3D9870}.Release|ARM.ActiveCfg = Release|Any CPU
		{40B8459B-BCC2-49AD-9F9D-A112EE3D9870}.Release|ARM.Build.0 = Release|Any CPU
		{40B8459B-BCC2-49AD-9F9D-A112EE3D9870}.Release|ARM64.ActiveCfg = Release|Any CPU
		{40B8459B-BCC2-49AD-9F9D-A112EE3D9870}.Release|ARM64.Build.0 = Release|Any CPU
		{40B8459B-BCC2-49AD-9F9D-A112EE3D9870}.Release|x64.ActiveCfg = Release|Any CPU
		{40B8459B-BCC2-49AD-9F9D-A112EE3D9870}.Release|x64.Build.0 = Release|Any CPU
		{40B8459B-BCC2-49AD-9F9D-A112EE3D9870}.Release|x86.ActiveCfg = Release|Any CPU
		{40B8459B-BCC2-49AD-9F9D-A112EE3D9870}.Release|x86.Build.0 = Release|Any CPU
	EndGlobalSection
	GlobalSection(SolutionProperties) = preSolution
		HideSolutionNode = FALSE
	EndGlobalSection
	GlobalSection(ExtensibilityGlobals) = postSolution
		SolutionGuid = {7D84EC06-28BE-4F1F-A042-9A548C533B75}
	EndGlobalSection
EndGlobal
