
Microsoft Visual Studio Solution File, Format Version 12.00
# Visual Studio Version 16
VisualStudioVersion = 16.0.29123.89
MinimumVisualStudioVersion = 10.0.40219.1
Project("{9A19103F-16F7-4668-BE54-9A1E7A4F7556}") = "MyDotNetCoreWpfApp", "MyDotNetCoreWpfApp\MyDotNetCoreWpfApp.csproj", "{A1E4B009-A5AF-4F75-A506-57E37E48EB2D}"
EndProject
Project("{9A19103F-16F7-4668-BE54-9A1E7A4F7556}") = "MyDotNetCoreWpfApp.Core", "MyDotNetCoreWpfApp.Core\MyDotNetCoreWpfApp.Core.csproj", "{899C480F-D576-422F-AACD-9D06C77BA13D}"
EndProject
Project("{FAE04EC0-301F-11D3-BF4B-00C04F79EFBC}") = "MyBackgroundTaskRuntimeComponent", "MyBackgroundTaskRuntimeComponent\MyBackgroundTaskRuntimeComponent.csproj", "{79FC6381-539B-4759-8966-1153C40782EE}"
EndProject
Project("{FAE04EC0-301F-11D3-BF4B-00C04F79EFBC}") = "UWPHead", "UWPHead\UWPHead.csproj", "{7BFAB136-9A22-4A91-BEB9-EED044F1A59D}"
EndProject
Project("{C7167F0D-BC9F-4E6E-AFE1-012C56B48DB5}") = "MyDotNetCoreWpfApp.Packaging", "MyDotNetCoreWpfApp.Packaging\MyDotNetCoreWpfApp.Packaging.wapproj", "{FBCAD757-C88A-4D94-B9CA-E90356712B6A}"
EndProject
Project("{9A19103F-16F7-4668-BE54-9A1E7A4F7556}") = "MyDotNetCoreWpfApp.WebApi", "MyDotNetCoreWpfApp.WebApi\MyDotNetCoreWpfApp.WebApi.csproj", "{1FD82FEA-1403-490D-9D76-BB0AD2089947}"
EndProject
Global
	GlobalSection(SolutionConfigurationPlatforms) = preSolution
		Debug|Any CPU = Debug|Any CPU
		Debug|ARM = Debug|ARM
		Debug|ARM64 = Debug|ARM64
		Debug|x64 = Debug|x64
		Debug|x86 = Debug|x86
		Release|Any CPU = Release|Any CPU
		Release|ARM = Release|ARM
		Release|ARM64 = Release|ARM64
		Release|x64 = Release|x64
		Release|x86 = Release|x86
	EndGlobalSection
	GlobalSection(ProjectConfigurationPlatforms) = postSolution
		{A1E4B009-A5AF-4F75-A506-57E37E48EB2D}.Debug|Any CPU.ActiveCfg = Debug|Any CPU
		{A1E4B009-A5AF-4F75-A506-57E37E48EB2D}.Debug|Any CPU.Build.0 = Debug|Any CPU
		{A1E4B009-A5AF-4F75-A506-57E37E48EB2D}.Debug|ARM.ActiveCfg = Debug|Any CPU
		{A1E4B009-A5AF-4F75-A506-57E37E48EB2D}.Debug|ARM.Build.0 = Debug|Any CPU
		{A1E4B009-A5AF-4F75-A506-57E37E48EB2D}.Debug|ARM64.ActiveCfg = Debug|Any CPU
		{A1E4B009-A5AF-4F75-A506-57E37E48EB2D}.Debug|ARM64.Build.0 = Debug|Any CPU
		{A1E4B009-A5AF-4F75-A506-57E37E48EB2D}.Debug|x64.ActiveCfg = Debug|Any CPU
		{A1E4B009-A5AF-4F75-A506-57E37E48EB2D}.Debug|x64.Build.0 = Debug|Any CPU
		{A1E4B009-A5AF-4F75-A506-57E37E48EB2D}.Debug|x86.ActiveCfg = Debug|Any CPU
		{A1E4B009-A5AF-4F75-A506-57E37E48EB2D}.Debug|x86.Build.0 = Debug|Any CPU
		{A1E4B009-A5AF-4F75-A506-57E37E48EB2D}.Release|Any CPU.ActiveCfg = Release|Any CPU
		{A1E4B009-A5AF-4F75-A506-57E37E48EB2D}.Release|Any CPU.Build.0 = Release|Any CPU
		{A1E4B009-A5AF-4F75-A506-57E37E48EB2D}.Release|ARM.ActiveCfg = Release|Any CPU
		{A1E4B009-A5AF-4F75-A506-57E37E48EB2D}.Release|ARM.Build.0 = Release|Any CPU
		{A1E4B009-A5AF-4F75-A506-57E37E48EB2D}.Release|ARM64.ActiveCfg = Release|Any CPU
		{A1E4B009-A5AF-4F75-A506-57E37E48EB2D}.Release|ARM64.Build.0 = Release|Any CPU
		{A1E4B009-A5AF-4F75-A506-57E37E48EB2D}.Release|x64.ActiveCfg = Release|Any CPU
		{A1E4B009-A5AF-4F75-A506-57E37E48EB2D}.Release|x64.Build.0 = Release|Any CPU
		{A1E4B009-A5AF-4F75-A506-57E37E48EB2D}.Release|x86.ActiveCfg = Release|Any CPU
		{A1E4B009-A5AF-4F75-A506-57E37E48EB2D}.Release|x86.Build.0 = Release|Any CPU
		{899C480F-D576-422F-AACD-9D06C77BA13D}.Debug|Any CPU.ActiveCfg = Debug|Any CPU
		{899C480F-D576-422F-AACD-9D06C77BA13D}.Debug|Any CPU.Build.0 = Debug|Any CPU
		{899C480F-D576-422F-AACD-9D06C77BA13D}.Debug|ARM.ActiveCfg = Debug|Any CPU
		{899C480F-D576-422F-AACD-9D06C77BA13D}.Debug|ARM.Build.0 = Debug|Any CPU
		{899C480F-D576-422F-AACD-9D06C77BA13D}.Debug|ARM64.ActiveCfg = Debug|Any CPU
		{899C480F-D576-422F-AACD-9D06C77BA13D}.Debug|ARM64.Build.0 = Debug|Any CPU
		{899C480F-D576-422F-AACD-9D06C77BA13D}.Debug|x64.ActiveCfg = Debug|Any CPU
		{899C480F-D576-422F-AACD-9D06C77BA13D}.Debug|x64.Build.0 = Debug|Any CPU
		{899C480F-D576-422F-AACD-9D06C77BA13D}.Debug|x86.ActiveCfg = Debug|Any CPU
		{899C480F-D576-422F-AACD-9D06C77BA13D}.Debug|x86.Build.0 = Debug|Any CPU
		{899C480F-D576-422F-AACD-9D06C77BA13D}.Release|Any CPU.ActiveCfg = Release|Any CPU
		{899C480F-D576-422F-AACD-9D06C77BA13D}.Release|Any CPU.Build.0 = Release|Any CPU
		{899C480F-D576-422F-AACD-9D06C77BA13D}.Release|ARM.ActiveCfg = Release|Any CPU
		{899C480F-D576-422F-AACD-9D06C77BA13D}.Release|ARM.Build.0 = Release|Any CPU
		{899C480F-D576-422F-AACD-9D06C77BA13D}.Release|ARM64.ActiveCfg = Release|Any CPU
		{899C480F-D576-422F-AACD-9D06C77BA13D}.Release|ARM64.Build.0 = Release|Any CPU
		{899C480F-D576-422F-AACD-9D06C77BA13D}.Release|x64.ActiveCfg = Release|Any CPU
		{899C480F-D576-422F-AACD-9D06C77BA13D}.Release|x64.Build.0 = Release|Any CPU
		{899C480F-D576-422F-AACD-9D06C77BA13D}.Release|x86.ActiveCfg = Release|Any CPU
		{899C480F-D576-422F-AACD-9D06C77BA13D}.Release|x86.Build.0 = Release|Any CPU
		{79FC6381-539B-4759-8966-1153C40782EE}.Debug|Any CPU.ActiveCfg = Debug|Any CPU
		{79FC6381-539B-4759-8966-1153C40782EE}.Debug|Any CPU.Build.0 = Debug|Any CPU
		{79FC6381-539B-4759-8966-1153C40782EE}.Debug|ARM.ActiveCfg = Debug|ARM
		{79FC6381-539B-4759-8966-1153C40782EE}.Debug|ARM.Build.0 = Debug|ARM
		{79FC6381-539B-4759-8966-1153C40782EE}.Debug|ARM64.ActiveCfg = Debug|Any CPU
		{79FC6381-539B-4759-8966-1153C40782EE}.Debug|ARM64.Build.0 = Debug|Any CPU
		{79FC6381-539B-4759-8966-1153C40782EE}.Debug|x64.ActiveCfg = Debug|x64
		{79FC6381-539B-4759-8966-1153C40782EE}.Debug|x64.Build.0 = Debug|x64
		{79FC6381-539B-4759-8966-1153C40782EE}.Debug|x86.ActiveCfg = Debug|x86
		{79FC6381-539B-4759-8966-1153C40782EE}.Debug|x86.Build.0 = Debug|x86
		{79FC6381-539B-4759-8966-1153C40782EE}.Release|Any CPU.ActiveCfg = Release|Any CPU
		{79FC6381-539B-4759-8966-1153C40782EE}.Release|Any CPU.Build.0 = Release|Any CPU
		{79FC6381-539B-4759-8966-1153C40782EE}.Release|ARM.ActiveCfg = Release|ARM
		{79FC6381-539B-4759-8966-1153C40782EE}.Release|ARM.Build.0 = Release|ARM
		{79FC6381-539B-4759-8966-1153C40782EE}.Release|ARM64.ActiveCfg = Release|Any CPU
		{79FC6381-539B-4759-8966-1153C40782EE}.Release|ARM64.Build.0 = Release|Any CPU
		{79FC6381-539B-4759-8966-1153C40782EE}.Release|x64.ActiveCfg = Release|x64
		{79FC6381-539B-4759-8966-1153C40782EE}.Release|x64.Build.0 = Release|x64
		{79FC6381-539B-4759-8966-1153C40782EE}.Release|x86.ActiveCfg = Release|x86
		{79FC6381-539B-4759-8966-1153C40782EE}.Release|x86.Build.0 = Release|x86
		{7BFAB136-9A22-4A91-BEB9-EED044F1A59D}.Debug|Any CPU.ActiveCfg = Debug|x86
		{7BFAB136-9A22-4A91-BEB9-EED044F1A59D}.Debug|ARM.ActiveCfg = Debug|ARM
		{7BFAB136-9A22-4A91-BEB9-EED044F1A59D}.Debug|ARM.Build.0 = Debug|ARM
		{7BFAB136-9A22-4A91-BEB9-EED044F1A59D}.Debug|ARM.Deploy.0 = Debug|ARM
		{7BFAB136-9A22-4A91-BEB9-EED044F1A59D}.Debug|ARM64.ActiveCfg = Debug|x86
		{7BFAB136-9A22-4A91-BEB9-EED044F1A59D}.Debug|x64.ActiveCfg = Debug|x64
		{7BFAB136-9A22-4A91-BEB9-EED044F1A59D}.Debug|x64.Build.0 = Debug|x64
		{7BFAB136-9A22-4A91-BEB9-EED044F1A59D}.Debug|x64.Deploy.0 = Debug|x64
		{7BFAB136-9A22-4A91-BEB9-EED044F1A59D}.Debug|x86.ActiveCfg = Debug|x86
		{7BFAB136-9A22-4A91-BEB9-EED044F1A59D}.Debug|x86.Build.0 = Debug|x86
		{7BFAB136-9A22-4A91-BEB9-EED044F1A59D}.Debug|x86.Deploy.0 = Debug|x86
		{7BFAB136-9A22-4A91-BEB9-EED044F1A59D}.Release|Any CPU.ActiveCfg = Release|x86
		{7BFAB136-9A22-4A91-BEB9-EED044F1A59D}.Release|ARM.ActiveCfg = Release|ARM
		{7BFAB136-9A22-4A91-BEB9-EED044F1A59D}.Release|ARM.Build.0 = Release|ARM
		{7BFAB136-9A22-4A91-BEB9-EED044F1A59D}.Release|ARM.Deploy.0 = Release|ARM
		{7BFAB136-9A22-4A91-BEB9-EED044F1A59D}.Release|ARM64.ActiveCfg = Release|x86
		{7BFAB136-9A22-4A91-BEB9-EED044F1A59D}.Release|x64.ActiveCfg = Release|x64
		{7BFAB136-9A22-4A91-BEB9-EED044F1A59D}.Release|x64.Build.0 = Release|x64
		{7BFAB136-9A22-4A91-BEB9-EED044F1A59D}.Release|x64.Deploy.0 = Release|x64
		{7BFAB136-9A22-4A91-BEB9-EED044F1A59D}.Release|x86.ActiveCfg = Release|x86
		{7BFAB136-9A22-4A91-BEB9-EED044F1A59D}.Release|x86.Build.0 = Release|x86
		{7BFAB136-9A22-4A91-BEB9-EED044F1A59D}.Release|x86.Deploy.0 = Release|x86
		{FBCAD757-C88A-4D94-B9CA-E90356712B6A}.Debug|Any CPU.ActiveCfg = Debug|Any CPU
		{FBCAD757-C88A-4D94-B9CA-E90356712B6A}.Debug|Any CPU.Build.0 = Debug|Any CPU
		{FBCAD757-C88A-4D94-B9CA-E90356712B6A}.Debug|Any CPU.Deploy.0 = Debug|Any CPU
		{FBCAD757-C88A-4D94-B9CA-E90356712B6A}.Debug|ARM.ActiveCfg = Debug|Any CPU
		{FBCAD757-C88A-4D94-B9CA-E90356712B6A}.Debug|ARM.Build.0 = Debug|Any CPU
		{FBCAD757-C88A-4D94-B9CA-E90356712B6A}.Debug|ARM.Deploy.0 = Debug|Any CPU
		{FBCAD757-C88A-4D94-B9CA-E90356712B6A}.Debug|ARM64.ActiveCfg = Debug|Any CPU
		{FBCAD757-C88A-4D94-B9CA-E90356712B6A}.Debug|ARM64.Build.0 = Debug|Any CPU
		{FBCAD757-C88A-4D94-B9CA-E90356712B6A}.Debug|ARM64.Deploy.0 = Debug|Any CPU
		{FBCAD757-C88A-4D94-B9CA-E90356712B6A}.Debug|x64.ActiveCfg = Debug|x64
		{FBCAD757-C88A-4D94-B9CA-E90356712B6A}.Debug|x64.Build.0 = Debug|x64
		{FBCAD757-C88A-4D94-B9CA-E90356712B6A}.Debug|x64.Deploy.0 = Debug|x64
		{FBCAD757-C88A-4D94-B9CA-E90356712B6A}.Debug|x86.ActiveCfg = Debug|x86
		{FBCAD757-C88A-4D94-B9CA-E90356712B6A}.Debug|x86.Build.0 = Debug|x86
		{FBCAD757-C88A-4D94-B9CA-E90356712B6A}.Debug|x86.Deploy.0 = Debug|x86
		{FBCAD757-C88A-4D94-B9CA-E90356712B6A}.Release|Any CPU.ActiveCfg = Release|Any CPU
		{FBCAD757-C88A-4D94-B9CA-E90356712B6A}.Release|Any CPU.Build.0 = Release|Any CPU
		{FBCAD757-C88A-4D94-B9CA-E90356712B6A}.Release|Any CPU.Deploy.0 = Release|Any CPU
		{FBCAD757-C88A-4D94-B9CA-E90356712B6A}.Release|ARM.ActiveCfg = Release|Any CPU
		{FBCAD757-C88A-4D94-B9CA-E90356712B6A}.Release|ARM.Build.0 = Release|Any CPU
		{FBCAD757-C88A-4D94-B9CA-E90356712B6A}.Release|ARM.Deploy.0 = Release|Any CPU
		{FBCAD757-C88A-4D94-B9CA-E90356712B6A}.Release|ARM64.ActiveCfg = Release|Any CPU
		{FBCAD757-C88A-4D94-B9CA-E90356712B6A}.Release|ARM64.Build.0 = Release|Any CPU
		{FBCAD757-C88A-4D94-B9CA-E90356712B6A}.Release|ARM64.Deploy.0 = Release|Any CPU
		{FBCAD757-C88A-4D94-B9CA-E90356712B6A}.Release|x64.ActiveCfg = Release|x64
		{FBCAD757-C88A-4D94-B9CA-E90356712B6A}.Release|x64.Build.0 = Release|x64
		{FBCAD757-C88A-4D94-B9CA-E90356712B6A}.Release|x64.Deploy.0 = Release|x64
		{FBCAD757-C88A-4D94-B9CA-E90356712B6A}.Release|x86.ActiveCfg = Release|x86
		{FBCAD757-C88A-4D94-B9CA-E90356712B6A}.Release|x86.Build.0 = Release|x86
		{FBCAD757-C88A-4D94-B9CA-E90356712B6A}.Release|x86.Deploy.0 = Release|x86
		{1FD82FEA-1403-490D-9D76-BB0AD2089947}.Debug|Any CPU.ActiveCfg = Debug|Any CPU
		{1FD82FEA-1403-490D-9D76-BB0AD2089947}.Debug|Any CPU.Build.0 = Debug|Any CPU
		{1FD82FEA-1403-490D-9D76-BB0AD2089947}.Debug|ARM.ActiveCfg = Debug|Any CPU
		{1FD82FEA-1403-490D-9D76-BB0AD2089947}.Debug|ARM.Build.0 = Debug|Any CPU
		{1FD82FEA-1403-490D-9D76-BB0AD2089947}.Debug|ARM64.ActiveCfg = Debug|Any CPU
		{1FD82FEA-1403-490D-9D76-BB0AD2089947}.Debug|ARM64.Build.0 = Debug|Any CPU
		{1FD82FEA-1403-490D-9D76-BB0AD2089947}.Debug|x64.ActiveCfg = Debug|Any CPU
		{1FD82FEA-1403-490D-9D76-BB0AD2089947}.Debug|x64.Build.0 = Debug|Any CPU
		{1FD82FEA-1403-490D-9D76-BB0AD2089947}.Debug|x86.ActiveCfg = Debug|Any CPU
		{1FD82FEA-1403-490D-9D76-BB0AD2089947}.Debug|x86.Build.0 = Debug|Any CPU
		{1FD82FEA-1403-490D-9D76-BB0AD2089947}.Release|Any CPU.ActiveCfg = Release|Any CPU
		{1FD82FEA-1403-490D-9D76-BB0AD2089947}.Release|Any CPU.Build.0 = Release|Any CPU
		{1FD82FEA-1403-490D-9D76-BB0AD2089947}.Release|ARM.ActiveCfg = Release|Any CPU
		{1FD82FEA-1403-490D-9D76-BB0AD2089947}.Release|ARM.Build.0 = Release|Any CPU
		{1FD82FEA-1403-490D-9D76-BB0AD2089947}.Release|ARM64.ActiveCfg = Release|Any CPU
		{1FD82FEA-1403-490D-9D76-BB0AD2089947}.Release|ARM64.Build.0 = Release|Any CPU
		{1FD82FEA-1403-490D-9D76-BB0AD2089947}.Release|x64.ActiveCfg = Release|Any CPU
		{1FD82FEA-1403-490D-9D76-BB0AD2089947}.Release|x64.Build.0 = Release|Any CPU
		{1FD82FEA-1403-490D-9D76-BB0AD2089947}.Release|x86.ActiveCfg = Release|Any CPU
		{1FD82FEA-1403-490D-9D76-BB0AD2089947}.Release|x86.Build.0 = Release|Any CPU
	EndGlobalSection
	GlobalSection(SolutionProperties) = preSolution
		HideSolutionNode = FALSE
	EndGlobalSection
	GlobalSection(ExtensibilityGlobals) = postSolution
		SolutionGuid = {2A1587AD-9F0D-4350-9748-10D028FF09C4}
	EndGlobalSection
EndGlobal
