
Microsoft Visual Studio Solution File, Format Version 12.00
# Visual Studio Version 16
VisualStudioVersion = 16.0.29123.89
MinimumVisualStudioVersion = 10.0.40219.1
Project("{9A19103F-16F7-4668-BE54-9A1E7A4F7556}") = "MyDotNetCoreWpfApp", "MyDotNetCoreWpfApp\MyDotNetCoreWpfApp.csproj", "{A1E4B009-A5AF-4F75-A506-57E37E48EB2D}"
EndProject
Project("{9A19103F-16F7-4668-BE54-9A1E7A4F7556}") = "MyDotNetCoreWpfApp.Core", "MyDotNetCoreWpfApp.Core\MyDotNetCoreWpfApp.Core.csproj", "{899C480F-D576-422F-AACD-9D06C77BA13D}"
EndProject
Project("{FAE04EC0-301F-11D3-BF4B-00C04F79EFBC}") = "MyBackgroundTaskRuntimeComponent", "MyBackgroundTaskRuntimeComponent\MyBackgroundTaskRuntimeComponent.csproj", "{79FC6381-539B-4759-8966-1153C40782EE}"
EndProject
Project("{FAE04EC0-301F-11D3-BF4B-00C04F79EFBC}") = "UWPHead", "UWPHead\UWPHead.csproj", "{7BFAB136-9A22-4A91-BEB9-EED044F1A59D}"
EndProject
Project("{C7167F0D-BC9F-4E6E-AFE1-012C56B48DB5}") = "MyDotNetCoreWpfApp.Packaging", "MyDotNetCoreWpfApp.Packaging\MyDotNetCoreWpfApp.Packaging.wapproj", "{FBCAD757-C88A-4D94-B9CA-E90356712B6A}"
EndProject
Project("{9A19103F-16F7-4668-BE54-9A1E7A4F7556}") = "MyDotNetCoreWpfApp.WebApi", "MyDotNetCoreWpfApp.WebApi\MyDotNetCoreWpfApp.WebApi.csproj", "{1FD82FEA-1403-490D-9D76-BB0AD2089947}"
EndProject
Project("{2150E333-8FDC-42A3-9474-1A3956D46DE8}") = "Tests", "Tests", "{33EFAFDE-140E-4D5C-BE9A-BE078152D570}"
EndProject
Project("{9A19103F-16F7-4668-BE54-9A1E7A4F7556}") = "MyDotNetCoreWpfApp.Core.Tests.MSTest", "MyDotNetCoreWpfApp.Core.Tests.MSTest\MyDotNetCoreWpfApp.Core.Tests.MSTest.csproj", "{C484D58F-C51E-499A-A536-51A19FFCA2D2}"
EndProject
Project("{9A19103F-16F7-4668-BE54-9A1E7A4F7556}") = "MyDotNetCoreWpfApp.Core.Tests.NUnit", "MyDotNetCoreWpfApp.Core.Tests.NUnit\MyDotNetCoreWpfApp.Core.Tests.NUnit.csproj", "{8C56C89B-CCC6-4700-8946-CC34F8C15C6E}"
EndProject
Project("{9A19103F-16F7-4668-BE54-9A1E7A4F7556}") = "MyDotNetCoreWpfApp.Core.Tests.xUnit", "MyDotNetCoreWpfApp.Core.Tests.xUnit\MyDotNetCoreWpfApp.Core.Tests.xUnit.csproj", "{5C92C1A3-231F-4248-AD9D-66F603A5A9F6}"
EndProject
Project("{FAE04EC0-301F-11D3-BF4B-00C04F79EFBC}") = "MyDotNetCoreWpfApp.Tests.MSTest", "MyDotNetCoreWpfApp.Tests.MSTest\MyDotNetCoreWpfApp.Tests.MSTest.csproj", "{8CE9B6FF-772D-4417-87DE-DD7C46B32B63}"
EndProject
Global
	GlobalSection(SolutionConfigurationPlatforms) = preSolution
		Debug|Any CPU = Debug|Any CPU
		Debug|ARM = Debug|ARM
		Debug|ARM64 = Debug|ARM64
		Debug|x64 = Debug|x64
		Debug|x86 = Debug|x86
		Release|Any CPU = Release|Any CPU
		Release|ARM = Release|ARM
		Release|ARM64 = Release|ARM64
		Release|x64 = Release|x64
		Release|x86 = Release|x86
	EndGlobalSection
	GlobalSection(ProjectConfigurationPlatforms) = postSolution
		{A1E4B009-A5AF-4F75-A506-57E37E48EB2D}.Debug|Any CPU.ActiveCfg = Debug|Any CPU
		{A1E4B009-A5AF-4F75-A506-57E37E48EB2D}.Debug|Any CPU.Build.0 = Debug|Any CPU
		{A1E4B009-A5AF-4F75-A506-57E37E48EB2D}.Debug|ARM.ActiveCfg = Debug|Any CPU
		{A1E4B009-A5AF-4F75-A506-57E37E48EB2D}.Debug|ARM.Build.0 = Debug|Any CPU
		{A1E4B009-A5AF-4F75-A506-57E37E48EB2D}.Debug|ARM64.ActiveCfg = Debug|Any CPU
		{A1E4B009-A5AF-4F75-A506-57E37E48EB2D}.Debug|ARM64.Build.0 = Debug|Any CPU
		{A1E4B009-A5AF-4F75-A506-57E37E48EB2D}.Debug|x64.ActiveCfg = Debug|Any CPU
		{A1E4B009-A5AF-4F75-A506-57E37E48EB2D}.Debug|x64.Build.0 = Debug|Any CPU
		{A1E4B009-A5AF-4F75-A506-57E37E48EB2D}.Debug|x86.ActiveCfg = Debug|Any CPU
		{A1E4B009-A5AF-4F75-A506-57E37E48EB2D}.Debug|x86.Build.0 = Debug|Any CPU
		{A1E4B009-A5AF-4F75-A506-57E37E48EB2D}.Release|Any CPU.ActiveCfg = Release|Any CPU
		{A1E4B009-A5AF-4F75-A506-57E37E48EB2D}.Release|Any CPU.Build.0 = Release|Any CPU
		{A1E4B009-A5AF-4F75-A506-57E37E48EB2D}.Release|ARM.ActiveCfg = Release|Any CPU
		{A1E4B009-A5AF-4F75-A506-57E37E48EB2D}.Release|ARM.Build.0 = Release|Any CPU
		{A1E4B009-A5AF-4F75-A506-57E37E48EB2D}.Release|ARM64.ActiveCfg = Release|Any CPU
		{A1E4B009-A5AF-4F75-A506-57E37E48EB2D}.Release|ARM64.Build.0 = Release|Any CPU
		{A1E4B009-A5AF-4F75-A506-57E37E48EB2D}.Release|x64.ActiveCfg = Release|Any CPU
		{A1E4B009-A5AF-4F75-A506-57E37E48EB2D}.Release|x64.Build.0 = Release|Any CPU
		{A1E4B009-A5AF-4F75-A506-57E37E48EB2D}.Release|x86.ActiveCfg = Release|Any CPU
		{A1E4B009-A5AF-4F75-A506-57E37E48EB2D}.Release|x86.Build.0 = Release|Any CPU
		{899C480F-D576-422F-AACD-9D06C77BA13D}.Debug|Any CPU.ActiveCfg = Debug|Any CPU
		{899C480F-D576-422F-AACD-9D06C77BA13D}.Debug|Any CPU.Build.0 = Debug|Any CPU
		{899C480F-D576-422F-AACD-9D06C77BA13D}.Debug|ARM.ActiveCfg = Debug|Any CPU
		{899C480F-D576-422F-AACD-9D06C77BA13D}.Debug|ARM.Build.0 = Debug|Any CPU
		{899C480F-D576-422F-AACD-9D06C77BA13D}.Debug|ARM64.ActiveCfg = Debug|Any CPU
		{899C480F-D576-422F-AACD-9D06C77BA13D}.Debug|ARM64.Build.0 = Debug|Any CPU
		{899C480F-D576-422F-AACD-9D06C77BA13D}.Debug|x64.ActiveCfg = Debug|Any CPU
		{899C480F-D576-422F-AACD-9D06C77BA13D}.Debug|x64.Build.0 = Debug|Any CPU
		{899C480F-D576-422F-AACD-9D06C77BA13D}.Debug|x86.ActiveCfg = Debug|Any CPU
		{899C480F-D576-422F-AACD-9D06C77BA13D}.Debug|x86.Build.0 = Debug|Any CPU
		{899C480F-D576-422F-AACD-9D06C77BA13D}.Release|Any CPU.ActiveCfg = Release|Any CPU
		{899C480F-D576-422F-AACD-9D06C77BA13D}.Release|Any CPU.Build.0 = Release|Any CPU
		{899C480F-D576-422F-AACD-9D06C77BA13D}.Release|ARM.ActiveCfg = Release|Any CPU
		{899C480F-D576-422F-AACD-9D06C77BA13D}.Release|ARM.Build.0 = Release|Any CPU
		{899C480F-D576-422F-AACD-9D06C77BA13D}.Release|ARM64.ActiveCfg = Release|Any CPU
		{899C480F-D576-422F-AACD-9D06C77BA13D}.Release|ARM64.Build.0 = Release|Any CPU
		{899C480F-D576-422F-AACD-9D06C77BA13D}.Release|x64.ActiveCfg = Release|Any CPU
		{899C480F-D576-422F-AACD-9D06C77BA13D}.Release|x64.Build.0 = Release|Any CPU
		{899C480F-D576-422F-AACD-9D06C77BA13D}.Release|x86.ActiveCfg = Release|Any CPU
		{899C480F-D576-422F-AACD-9D06C77BA13D}.Release|x86.Build.0 = Release|Any CPU
		{79FC6381-539B-4759-8966-1153C40782EE}.Debug|Any CPU.ActiveCfg = Debug|Any CPU
		{79FC6381-539B-4759-8966-1153C40782EE}.Debug|Any CPU.Build.0 = Debug|Any CPU
		{79FC6381-539B-4759-8966-1153C40782EE}.Debug|ARM.ActiveCfg = Debug|ARM
		{79FC6381-539B-4759-8966-1153C40782EE}.Debug|ARM.Build.0 = Debug|ARM
		{79FC6381-539B-4759-8966-1153C40782EE}.Debug|ARM64.ActiveCfg = Debug|Any CPU
		{79FC6381-539B-4759-8966-1153C40782EE}.Debug|ARM64.Build.0 = Debug|Any CPU
		{79FC6381-539B-4759-8966-1153C40782EE}.Debug|x64.ActiveCfg = Debug|x64
		{79FC6381-539B-4759-8966-1153C40782EE}.Debug|x64.Build.0 = Debug|x64
		{79FC6381-539B-4759-8966-1153C40782EE}.Debug|x86.ActiveCfg = Debug|x86
		{79FC6381-539B-4759-8966-1153C40782EE}.Debug|x86.Build.0 = Debug|x86
		{79FC6381-539B-4759-8966-1153C40782EE}.Release|Any CPU.ActiveCfg = Release|Any CPU
		{79FC6381-539B-4759-8966-1153C40782EE}.Release|Any CPU.Build.0 = Release|Any CPU
		{79FC6381-539B-4759-8966-1153C40782EE}.Release|ARM.ActiveCfg = Release|ARM
		{79FC6381-539B-4759-8966-1153C40782EE}.Release|ARM.Build.0 = Release|ARM
		{79FC6381-539B-4759-8966-1153C40782EE}.Release|ARM64.ActiveCfg = Release|Any CPU
		{79FC6381-539B-4759-8966-1153C40782EE}.Release|ARM64.Build.0 = Release|Any CPU
		{79FC6381-539B-4759-8966-1153C40782EE}.Release|x64.ActiveCfg = Release|x64
		{79FC6381-539B-4759-8966-1153C40782EE}.Release|x64.Build.0 = Release|x64
		{79FC6381-539B-4759-8966-1153C40782EE}.Release|x86.ActiveCfg = Release|x86
		{79FC6381-539B-4759-8966-1153C40782EE}.Release|x86.Build.0 = Release|x86
		{7BFAB136-9A22-4A91-BEB9-EED044F1A59D}.Debug|Any CPU.ActiveCfg = Debug|x86
		{7BFAB136-9A22-4A91-BEB9-EED044F1A59D}.Debug|ARM.ActiveCfg = Debug|ARM
		{7BFAB136-9A22-4A91-BEB9-EED044F1A59D}.Debug|ARM.Build.0 = Debug|ARM
		{7BFAB136-9A22-4A91-BEB9-EED044F1A59D}.Debug|ARM.Deploy.0 = Debug|ARM
		{7BFAB136-9A22-4A91-BEB9-EED044F1A59D}.Debug|ARM64.ActiveCfg = Debug|x86
		{7BFAB136-9A22-4A91-BEB9-EED044F1A59D}.Debug|x64.ActiveCfg = Debug|x64
		{7BFAB136-9A22-4A91-BEB9-EED044F1A59D}.Debug|x64.Build.0 = Debug|x64
		{7BFAB136-9A22-4A91-BEB9-EED044F1A59D}.Debug|x64.Deploy.0 = Debug|x64
		{7BFAB136-9A22-4A91-BEB9-EED044F1A59D}.Debug|x86.ActiveCfg = Debug|x86
		{7BFAB136-9A22-4A91-BEB9-EED044F1A59D}.Debug|x86.Build.0 = Debug|x86
		{7BFAB136-9A22-4A91-BEB9-EED044F1A59D}.Debug|x86.Deploy.0 = Debug|x86
		{7BFAB136-9A22-4A91-BEB9-EED044F1A59D}.Release|Any CPU.ActiveCfg = Release|x86
		{7BFAB136-9A22-4A91-BEB9-EED044F1A59D}.Release|ARM.ActiveCfg = Release|ARM
		{7BFAB136-9A22-4A91-BEB9-EED044F1A59D}.Release|ARM.Build.0 = Release|ARM
		{7BFAB136-9A22-4A91-BEB9-EED044F1A59D}.Release|ARM.Deploy.0 = Release|ARM
		{7BFAB136-9A22-4A91-BEB9-EED044F1A59D}.Release|ARM64.ActiveCfg = Release|x86
		{7BFAB136-9A22-4A91-BEB9-EED044F1A59D}.Release|x64.ActiveCfg = Release|x64
		{7BFAB136-9A22-4A91-BEB9-EED044F1A59D}.Release|x64.Build.0 = Release|x64
		{7BFAB136-9A22-4A91-BEB9-EED044F1A59D}.Release|x64.Deploy.0 = Release|x64
		{7BFAB136-9A22-4A91-BEB9-EED044F1A59D}.Release|x86.ActiveCfg = Release|x86
		{7BFAB136-9A22-4A91-BEB9-EED044F1A59D}.Release|x86.Build.0 = Release|x86
		{7BFAB136-9A22-4A91-BEB9-EED044F1A59D}.Release|x86.Deploy.0 = Release|x86
		{FBCAD757-C88A-4D94-B9CA-E90356712B6A}.Debug|Any CPU.ActiveCfg = Debug|Any CPU
		{FBCAD757-C88A-4D94-B9CA-E90356712B6A}.Debug|Any CPU.Build.0 = Debug|Any CPU
		{FBCAD757-C88A-4D94-B9CA-E90356712B6A}.Debug|Any CPU.Deploy.0 = Debug|Any CPU
		{FBCAD757-C88A-4D94-B9CA-E90356712B6A}.Debug|ARM.ActiveCfg = Debug|Any CPU
		{FBCAD757-C88A-4D94-B9CA-E90356712B6A}.Debug|ARM.Build.0 = Debug|Any CPU
		{FBCAD757-C88A-4D94-B9CA-E90356712B6A}.Debug|ARM.Deploy.0 = Debug|Any CPU
		{FBCAD757-C88A-4D94-B9CA-E90356712B6A}.Debug|ARM64.ActiveCfg = Debug|Any CPU
		{FBCAD757-C88A-4D94-B9CA-E90356712B6A}.Debug|ARM64.Build.0 = Debug|Any CPU
		{FBCAD757-C88A-4D94-B9CA-E90356712B6A}.Debug|ARM64.Deploy.0 = Debug|Any CPU
		{FBCAD757-C88A-4D94-B9CA-E90356712B6A}.Debug|x64.ActiveCfg = Debug|x64
		{FBCAD757-C88A-4D94-B9CA-E90356712B6A}.Debug|x64.Build.0 = Debug|x64
		{FBCAD757-C88A-4D94-B9CA-E90356712B6A}.Debug|x64.Deploy.0 = Debug|x64
		{FBCAD757-C88A-4D94-B9CA-E90356712B6A}.Debug|x86.ActiveCfg = Debug|x86
		{FBCAD757-C88A-4D94-B9CA-E90356712B6A}.Debug|x86.Build.0 = Debug|x86
		{FBCAD757-C88A-4D94-B9CA-E90356712B6A}.Debug|x86.Deploy.0 = Debug|x86
		{FBCAD757-C88A-4D94-B9CA-E90356712B6A}.Release|Any CPU.ActiveCfg = Release|Any CPU
		{FBCAD757-C88A-4D94-B9CA-E90356712B6A}.Release|Any CPU.Build.0 = Release|Any CPU
		{FBCAD757-C88A-4D94-B9CA-E90356712B6A}.Release|Any CPU.Deploy.0 = Release|Any CPU
		{FBCAD757-C88A-4D94-B9CA-E90356712B6A}.Release|ARM.ActiveCfg = Release|Any CPU
		{FBCAD757-C88A-4D94-B9CA-E90356712B6A}.Release|ARM.Build.0 = Release|Any CPU
		{FBCAD757-C88A-4D94-B9CA-E90356712B6A}.Release|ARM.Deploy.0 = Release|Any CPU
		{FBCAD757-C88A-4D94-B9CA-E90356712B6A}.Release|ARM64.ActiveCfg = Release|Any CPU
		{FBCAD757-C88A-4D94-B9CA-E90356712B6A}.Release|ARM64.Build.0 = Release|Any CPU
		{FBCAD757-C88A-4D94-B9CA-E90356712B6A}.Release|ARM64.Deploy.0 = Release|Any CPU
		{FBCAD757-C88A-4D94-B9CA-E90356712B6A}.Release|x64.ActiveCfg = Release|x64
		{FBCAD757-C88A-4D94-B9CA-E90356712B6A}.Release|x64.Build.0 = Release|x64
		{FBCAD757-C88A-4D94-B9CA-E90356712B6A}.Release|x64.Deploy.0 = Release|x64
		{FBCAD757-C88A-4D94-B9CA-E90356712B6A}.Release|x86.ActiveCfg = Release|x86
		{FBCAD757-C88A-4D94-B9CA-E90356712B6A}.Release|x86.Build.0 = Release|x86
		{FBCAD757-C88A-4D94-B9CA-E90356712B6A}.Release|x86.Deploy.0 = Release|x86
		{1FD82FEA-1403-490D-9D76-BB0AD2089947}.Debug|Any CPU.ActiveCfg = Debug|Any CPU
		{1FD82FEA-1403-490D-9D76-BB0AD2089947}.Debug|Any CPU.Build.0 = Debug|Any CPU
		{1FD82FEA-1403-490D-9D76-BB0AD2089947}.Debug|ARM.ActiveCfg = Debug|Any CPU
		{1FD82FEA-1403-490D-9D76-BB0AD2089947}.Debug|ARM.Build.0 = Debug|Any CPU
		{1FD82FEA-1403-490D-9D76-BB0AD2089947}.Debug|ARM64.ActiveCfg = Debug|Any CPU
		{1FD82FEA-1403-490D-9D76-BB0AD2089947}.Debug|ARM64.Build.0 = Debug|Any CPU
		{1FD82FEA-1403-490D-9D76-BB0AD2089947}.Debug|x64.ActiveCfg = Debug|Any CPU
		{1FD82FEA-1403-490D-9D76-BB0AD2089947}.Debug|x64.Build.0 = Debug|Any CPU
		{1FD82FEA-1403-490D-9D76-BB0AD2089947}.Debug|x86.ActiveCfg = Debug|Any CPU
		{1FD82FEA-1403-490D-9D76-BB0AD2089947}.Debug|x86.Build.0 = Debug|Any CPU
		{1FD82FEA-1403-490D-9D76-BB0AD2089947}.Release|Any CPU.ActiveCfg = Release|Any CPU
		{1FD82FEA-1403-490D-9D76-BB0AD2089947}.Release|Any CPU.Build.0 = Release|Any CPU
		{1FD82FEA-1403-490D-9D76-BB0AD2089947}.Release|ARM.ActiveCfg = Release|Any CPU
		{1FD82FEA-1403-490D-9D76-BB0AD2089947}.Release|ARM.Build.0 = Release|Any CPU
		{1FD82FEA-1403-490D-9D76-BB0AD2089947}.Release|ARM64.ActiveCfg = Release|Any CPU
		{1FD82FEA-1403-490D-9D76-BB0AD2089947}.Release|ARM64.Build.0 = Release|Any CPU
		{1FD82FEA-1403-490D-9D76-BB0AD2089947}.Release|x64.ActiveCfg = Release|Any CPU
		{1FD82FEA-1403-490D-9D76-BB0AD2089947}.Release|x64.Build.0 = Release|Any CPU
		{1FD82FEA-1403-490D-9D76-BB0AD2089947}.Release|x86.ActiveCfg = Release|Any CPU
		{1FD82FEA-1403-490D-9D76-BB0AD2089947}.Release|x86.Build.0 = Release|Any CPU
		{C484D58F-C51E-499A-A536-51A19FFCA2D2}.Debug|Any CPU.ActiveCfg = Debug|Any CPU
		{C484D58F-C51E-499A-A536-51A19FFCA2D2}.Debug|Any CPU.Build.0 = Debug|Any CPU
		{C484D58F-C51E-499A-A536-51A19FFCA2D2}.Debug|ARM.ActiveCfg = Debug|Any CPU
		{C484D58F-C51E-499A-A536-51A19FFCA2D2}.Debug|ARM.Build.0 = Debug|Any CPU
		{C484D58F-C51E-499A-A536-51A19FFCA2D2}.Debug|ARM64.ActiveCfg = Debug|Any CPU
		{C484D58F-C51E-499A-A536-51A19FFCA2D2}.Debug|ARM64.Build.0 = Debug|Any CPU
		{C484D58F-C51E-499A-A536-51A19FFCA2D2}.Debug|x64.ActiveCfg = Debug|Any CPU
		{C484D58F-C51E-499A-A536-51A19FFCA2D2}.Debug|x64.Build.0 = Debug|Any CPU
		{C484D58F-C51E-499A-A536-51A19FFCA2D2}.Debug|x86.ActiveCfg = Debug|Any CPU
		{C484D58F-C51E-499A-A536-51A19FFCA2D2}.Debug|x86.Build.0 = Debug|Any CPU
		{C484D58F-C51E-499A-A536-51A19FFCA2D2}.Release|Any CPU.ActiveCfg = Release|Any CPU
		{C484D58F-C51E-499A-A536-51A19FFCA2D2}.Release|Any CPU.Build.0 = Release|Any CPU
		{C484D58F-C51E-499A-A536-51A19FFCA2D2}.Release|ARM.ActiveCfg = Release|Any CPU
		{C484D58F-C51E-499A-A536-51A19FFCA2D2}.Release|ARM.Build.0 = Release|Any CPU
		{C484D58F-C51E-499A-A536-51A19FFCA2D2}.Release|ARM64.ActiveCfg = Release|Any CPU
		{C484D58F-C51E-499A-A536-51A19FFCA2D2}.Release|ARM64.Build.0 = Release|Any CPU
		{C484D58F-C51E-499A-A536-51A19FFCA2D2}.Release|x64.ActiveCfg = Release|Any CPU
		{C484D58F-C51E-499A-A536-51A19FFCA2D2}.Release|x64.Build.0 = Release|Any CPU
		{C484D58F-C51E-499A-A536-51A19FFCA2D2}.Release|x86.ActiveCfg = Release|Any CPU
		{C484D58F-C51E-499A-A536-51A19FFCA2D2}.Release|x86.Build.0 = Release|Any CPU
		{8C56C89B-CCC6-4700-8946-CC34F8C15C6E}.Debug|Any CPU.ActiveCfg = Debug|Any CPU
		{8C56C89B-CCC6-4700-8946-CC34F8C15C6E}.Debug|Any CPU.Build.0 = Debug|Any CPU
		{8C56C89B-CCC6-4700-8946-CC34F8C15C6E}.Debug|ARM.ActiveCfg = Debug|Any CPU
		{8C56C89B-CCC6-4700-8946-CC34F8C15C6E}.Debug|ARM.Build.0 = Debug|Any CPU
		{8C56C89B-CCC6-4700-8946-CC34F8C15C6E}.Debug|ARM64.ActiveCfg = Debug|Any CPU
		{8C56C89B-CCC6-4700-8946-CC34F8C15C6E}.Debug|ARM64.Build.0 = Debug|Any CPU
		{8C56C89B-CCC6-4700-8946-CC34F8C15C6E}.Debug|x64.ActiveCfg = Debug|Any CPU
		{8C56C89B-CCC6-4700-8946-CC34F8C15C6E}.Debug|x64.Build.0 = Debug|Any CPU
		{8C56C89B-CCC6-4700-8946-CC34F8C15C6E}.Debug|x86.ActiveCfg = Debug|Any CPU
		{8C56C89B-CCC6-4700-8946-CC34F8C15C6E}.Debug|x86.Build.0 = Debug|Any CPU
		{8C56C89B-CCC6-4700-8946-CC34F8C15C6E}.Release|Any CPU.ActiveCfg = Release|Any CPU
		{8C56C89B-CCC6-4700-8946-CC34F8C15C6E}.Release|Any CPU.Build.0 = Release|Any CPU
		{8C56C89B-CCC6-4700-8946-CC34F8C15C6E}.Release|ARM.ActiveCfg = Release|Any CPU
		{8C56C89B-CCC6-4700-8946-CC34F8C15C6E}.Release|ARM.Build.0 = Release|Any CPU
		{8C56C89B-CCC6-4700-8946-CC34F8C15C6E}.Release|ARM64.ActiveCfg = Release|Any CPU
		{8C56C89B-CCC6-4700-8946-CC34F8C15C6E}.Release|ARM64.Build.0 = Release|Any CPU
		{8C56C89B-CCC6-4700-8946-CC34F8C15C6E}.Release|x64.ActiveCfg = Release|Any CPU
		{8C56C89B-CCC6-4700-8946-CC34F8C15C6E}.Release|x64.Build.0 = Release|Any CPU
		{8C56C89B-CCC6-4700-8946-CC34F8C15C6E}.Release|x86.ActiveCfg = Release|Any CPU
		{8C56C89B-CCC6-4700-8946-CC34F8C15C6E}.Release|x86.Build.0 = Release|Any CPU
		{5C92C1A3-231F-4248-AD9D-66F603A5A9F6}.Debug|Any CPU.ActiveCfg = Debug|Any CPU
		{5C92C1A3-231F-4248-AD9D-66F603A5A9F6}.Debug|Any CPU.Build.0 = Debug|Any CPU
		{5C92C1A3-231F-4248-AD9D-66F603A5A9F6}.Debug|ARM.ActiveCfg = Debug|Any CPU
		{5C92C1A3-231F-4248-AD9D-66F603A5A9F6}.Debug|ARM.Build.0 = Debug|Any CPU
		{5C92C1A3-231F-4248-AD9D-66F603A5A9F6}.Debug|ARM64.ActiveCfg = Debug|Any CPU
		{5C92C1A3-231F-4248-AD9D-66F603A5A9F6}.Debug|ARM64.Build.0 = Debug|Any CPU
		{5C92C1A3-231F-4248-AD9D-66F603A5A9F6}.Debug|x64.ActiveCfg = Debug|Any CPU
		{5C92C1A3-231F-4248-AD9D-66F603A5A9F6}.Debug|x64.Build.0 = Debug|Any CPU
		{5C92C1A3-231F-4248-AD9D-66F603A5A9F6}.Debug|x86.ActiveCfg = Debug|Any CPU
		{5C92C1A3-231F-4248-AD9D-66F603A5A9F6}.Debug|x86.Build.0 = Debug|Any CPU
		{5C92C1A3-231F-4248-AD9D-66F603A5A9F6}.Release|Any CPU.ActiveCfg = Release|Any CPU
		{5C92C1A3-231F-4248-AD9D-66F603A5A9F6}.Release|Any CPU.Build.0 = Release|Any CPU
		{5C92C1A3-231F-4248-AD9D-66F603A5A9F6}.Release|ARM.ActiveCfg = Release|Any CPU
		{5C92C1A3-231F-4248-AD9D-66F603A5A9F6}.Release|ARM.Build.0 = Release|Any CPU
		{5C92C1A3-231F-4248-AD9D-66F603A5A9F6}.Release|ARM64.ActiveCfg = Release|Any CPU
		{5C92C1A3-231F-4248-AD9D-66F603A5A9F6}.Release|ARM64.Build.0 = Release|Any CPU
		{5C92C1A3-231F-4248-AD9D-66F603A5A9F6}.Release|x64.ActiveCfg = Release|Any CPU
		{5C92C1A3-231F-4248-AD9D-66F603A5A9F6}.Release|x64.Build.0 = Release|Any CPU
		{5C92C1A3-231F-4248-AD9D-66F603A5A9F6}.Release|x86.ActiveCfg = Release|Any CPU
		{5C92C1A3-231F-4248-AD9D-66F603A5A9F6}.Release|x86.Build.0 = Release|Any CPU
		{8CE9B6FF-772D-4417-87DE-DD7C46B32B63}.Debug|Any CPU.ActiveCfg = Debug|Any CPU
		{8CE9B6FF-772D-4417-87DE-DD7C46B32B63}.Debug|Any CPU.Build.0 = Debug|Any CPU
		{8CE9B6FF-772D-4417-87DE-DD7C46B32B63}.Debug|ARM.ActiveCfg = Debug|Any CPU
		{8CE9B6FF-772D-4417-87DE-DD7C46B32B63}.Debug|ARM.Build.0 = Debug|Any CPU
		{8CE9B6FF-772D-4417-87DE-DD7C46B32B63}.Debug|ARM64.ActiveCfg = Debug|Any CPU
		{8CE9B6FF-772D-4417-87DE-DD7C46B32B63}.Debug|ARM64.Build.0 = Debug|Any CPU
		{8CE9B6FF-772D-4417-87DE-DD7C46B32B63}.Debug|x64.ActiveCfg = Debug|Any CPU
		{8CE9B6FF-772D-4417-87DE-DD7C46B32B63}.Debug|x64.Build.0 = Debug|Any CPU
		{8CE9B6FF-772D-4417-87DE-DD7C46B32B63}.Debug|x86.ActiveCfg = Debug|Any CPU
		{8CE9B6FF-772D-4417-87DE-DD7C46B32B63}.Debug|x86.Build.0 = Debug|Any CPU
		{8CE9B6FF-772D-4417-87DE-DD7C46B32B63}.Release|Any CPU.ActiveCfg = Release|Any CPU
		{8CE9B6FF-772D-4417-87DE-DD7C46B32B63}.Release|Any CPU.Build.0 = Release|Any CPU
		{8CE9B6FF-772D-4417-87DE-DD7C46B32B63}.Release|ARM.ActiveCfg = Release|Any CPU
		{8CE9B6FF-772D-4417-87DE-DD7C46B32B63}.Release|ARM.Build.0 = Release|Any CPU
		{8CE9B6FF-772D-4417-87DE-DD7C46B32B63}.Release|ARM64.ActiveCfg = Release|Any CPU
		{8CE9B6FF-772D-4417-87DE-DD7C46B32B63}.Release|ARM64.Build.0 = Release|Any CPU
		{8CE9B6FF-772D-4417-87DE-DD7C46B32B63}.Release|x64.ActiveCfg = Release|Any CPU
		{8CE9B6FF-772D-4417-87DE-DD7C46B32B63}.Release|x64.Build.0 = Release|Any CPU
		{8CE9B6FF-772D-4417-87DE-DD7C46B32B63}.Release|x86.ActiveCfg = Release|Any CPU
		{8CE9B6FF-772D-4417-87DE-DD7C46B32B63}.Release|x86.Build.0 = Release|Any CPU
	EndGlobalSection
	GlobalSection(SolutionProperties) = preSolution
		HideSolutionNode = FALSE
	EndGlobalSection
	GlobalSection(NestedProjects) = preSolution
		{C484D58F-C51E-499A-A536-51A19FFCA2D2} = {33EFAFDE-140E-4D5C-BE9A-BE078152D570}
		{8C56C89B-CCC6-4700-8946-CC34F8C15C6E} = {33EFAFDE-140E-4D5C-BE9A-BE078152D570}
		{5C92C1A3-231F-4248-AD9D-66F603A5A9F6} = {33EFAFDE-140E-4D5C-BE9A-BE078152D570}
		{8CE9B6FF-772D-4417-87DE-DD7C46B32B63} = {33EFAFDE-140E-4D5C-BE9A-BE078152D570}
	EndGlobalSection
	GlobalSection(ExtensibilityGlobals) = postSolution
		SolutionGuid = {2A1587AD-9F0D-4350-9748-10D028FF09C4}
	EndGlobalSection
EndGlobal
