
Microsoft Visual Studio Solution File, Format Version 12.00
# Visual Studio Version 16
VisualStudioVersion = 16.0.29123.89
MinimumVisualStudioVersion = 10.0.40219.1
Project("{FAE04EC0-301F-11D3-BF4B-00C04F79EFBC}") = "MyBackgroundTaskRuntimeComponent", "..\MyBackgroundTaskRuntimeComponent\MyBackgroundTaskRuntimeComponent.csproj", "{79FC6381-539B-4759-8966-1153C40782EE}"
EndProject
Project("{9A19103F-16F7-4668-BE54-9A1E7A4F7556}") = "MyDotNetCoreWpfApp", "MyDotNetCoreWpfApp.csproj", "{E3826F38-3C5D-428D-826B-C026BABEB75B}"
EndProject
Project("{9A19103F-16F7-4668-BE54-9A1E7A4F7556}") = "MyDotNetCoreWpfApp.Core", "..\MyDotNetCoreWpfApp.Core\MyDotNetCoreWpfApp.Core.csproj", "{E21BB4C3-4A06-4B31-9626-205E4483FB74}"
EndProject
Project("{FAE04EC0-301F-11D3-BF4B-00C04F79EFBC}") = "MyDotNetCoreWpfApp.Head", "..\MyDotNetCoreWpfApp.Head\MyDotNetCoreWpfApp.Head.csproj", "{0560F01A-2591-477A-95E8-F43C714ED503}"
EndProject
Project("{C7167F0D-BC9F-4E6E-AFE1-012C56B48DB5}") = "MyDotNetCoreWpfApp.Packaging", "..\MyDotNetCoreWpfApp.Packaging\MyDotNetCoreWpfApp.Packaging.wapproj", "{2B759E78-7391-4140-B891-8CF91D52372A}"
EndProject
Global
	GlobalSection(SolutionConfigurationPlatforms) = preSolution
		Debug|Any CPU = Debug|Any CPU
		Debug|ARM = Debug|ARM
		Debug|ARM64 = Debug|ARM64
		Debug|x64 = Debug|x64
		Debug|x86 = Debug|x86
		Release|Any CPU = Release|Any CPU
		Release|ARM = Release|ARM
		Release|ARM64 = Release|ARM64
		Release|x64 = Release|x64
		Release|x86 = Release|x86
	EndGlobalSection
	GlobalSection(ProjectConfigurationPlatforms) = postSolution
		{79FC6381-539B-4759-8966-1153C40782EE}.Debug|Any CPU.ActiveCfg = Debug|Any CPU
		{79FC6381-539B-4759-8966-1153C40782EE}.Debug|Any CPU.Build.0 = Debug|Any CPU
		{79FC6381-539B-4759-8966-1153C40782EE}.Debug|ARM.ActiveCfg = Debug|ARM
		{79FC6381-539B-4759-8966-1153C40782EE}.Debug|ARM.Build.0 = Debug|ARM
		{79FC6381-539B-4759-8966-1153C40782EE}.Debug|ARM64.ActiveCfg = Debug|Any CPU
		{79FC6381-539B-4759-8966-1153C40782EE}.Debug|ARM64.Build.0 = Debug|Any CPU
		{79FC6381-539B-4759-8966-1153C40782EE}.Debug|x64.ActiveCfg = Debug|x64
		{79FC6381-539B-4759-8966-1153C40782EE}.Debug|x64.Build.0 = Debug|x64
		{79FC6381-539B-4759-8966-1153C40782EE}.Debug|x86.ActiveCfg = Debug|x86
		{79FC6381-539B-4759-8966-1153C40782EE}.Debug|x86.Build.0 = Debug|x86
		{79FC6381-539B-4759-8966-1153C40782EE}.Release|Any CPU.ActiveCfg = Release|Any CPU
		{79FC6381-539B-4759-8966-1153C40782EE}.Release|Any CPU.Build.0 = Release|Any CPU
		{79FC6381-539B-4759-8966-1153C40782EE}.Release|ARM.ActiveCfg = Release|ARM
		{79FC6381-539B-4759-8966-1153C40782EE}.Release|ARM.Build.0 = Release|ARM
		{79FC6381-539B-4759-8966-1153C40782EE}.Release|ARM64.ActiveCfg = Release|Any CPU
		{79FC6381-539B-4759-8966-1153C40782EE}.Release|ARM64.Build.0 = Release|Any CPU
		{79FC6381-539B-4759-8966-1153C40782EE}.Release|x64.ActiveCfg = Release|x64
		{79FC6381-539B-4759-8966-1153C40782EE}.Release|x64.Build.0 = Release|x64
		{79FC6381-539B-4759-8966-1153C40782EE}.Release|x86.ActiveCfg = Release|x86
		{79FC6381-539B-4759-8966-1153C40782EE}.Release|x86.Build.0 = Release|x86
		{E3826F38-3C5D-428D-826B-C026BABEB75B}.Debug|Any CPU.ActiveCfg = Debug|Any CPU
		{E3826F38-3C5D-428D-826B-C026BABEB75B}.Debug|Any CPU.Build.0 = Debug|Any CPU
		{E3826F38-3C5D-428D-826B-C026BABEB75B}.Debug|ARM.ActiveCfg = Debug|Any CPU
		{E3826F38-3C5D-428D-826B-C026BABEB75B}.Debug|ARM.Build.0 = Debug|Any CPU
		{E3826F38-3C5D-428D-826B-C026BABEB75B}.Debug|ARM64.ActiveCfg = Debug|Any CPU
		{E3826F38-3C5D-428D-826B-C026BABEB75B}.Debug|ARM64.Build.0 = Debug|Any CPU
		{E3826F38-3C5D-428D-826B-C026BABEB75B}.Debug|x64.ActiveCfg = Debug|Any CPU
		{E3826F38-3C5D-428D-826B-C026BABEB75B}.Debug|x64.Build.0 = Debug|Any CPU
		{E3826F38-3C5D-428D-826B-C026BABEB75B}.Debug|x86.ActiveCfg = Debug|Any CPU
		{E3826F38-3C5D-428D-826B-C026BABEB75B}.Debug|x86.Build.0 = Debug|Any CPU
		{E3826F38-3C5D-428D-826B-C026BABEB75B}.Release|Any CPU.ActiveCfg = Release|Any CPU
		{E3826F38-3C5D-428D-826B-C026BABEB75B}.Release|Any CPU.Build.0 = Release|Any CPU
		{E3826F38-3C5D-428D-826B-C026BABEB75B}.Release|ARM.ActiveCfg = Release|Any CPU
		{E3826F38-3C5D-428D-826B-C026BABEB75B}.Release|ARM.Build.0 = Release|Any CPU
		{E3826F38-3C5D-428D-826B-C026BABEB75B}.Release|ARM64.ActiveCfg = Release|Any CPU
		{E3826F38-3C5D-428D-826B-C026BABEB75B}.Release|ARM64.Build.0 = Release|Any CPU
		{E3826F38-3C5D-428D-826B-C026BABEB75B}.Release|x64.ActiveCfg = Release|Any CPU
		{E3826F38-3C5D-428D-826B-C026BABEB75B}.Release|x64.Build.0 = Release|Any CPU
		{E3826F38-3C5D-428D-826B-C026BABEB75B}.Release|x86.ActiveCfg = Release|Any CPU
		{E3826F38-3C5D-428D-826B-C026BABEB75B}.Release|x86.Build.0 = Release|Any CPU
		{E21BB4C3-4A06-4B31-9626-205E4483FB74}.Debug|Any CPU.ActiveCfg = Debug|Any CPU
		{E21BB4C3-4A06-4B31-9626-205E4483FB74}.Debug|Any CPU.Build.0 = Debug|Any CPU
		{E21BB4C3-4A06-4B31-9626-205E4483FB74}.Debug|ARM.ActiveCfg = Debug|Any CPU
		{E21BB4C3-4A06-4B31-9626-205E4483FB74}.Debug|ARM.Build.0 = Debug|Any CPU
		{E21BB4C3-4A06-4B31-9626-205E4483FB74}.Debug|ARM64.ActiveCfg = Debug|Any CPU
		{E21BB4C3-4A06-4B31-9626-205E4483FB74}.Debug|ARM64.Build.0 = Debug|Any CPU
		{E21BB4C3-4A06-4B31-9626-205E4483FB74}.Debug|x64.ActiveCfg = Debug|Any CPU
		{E21BB4C3-4A06-4B31-9626-205E4483FB74}.Debug|x64.Build.0 = Debug|Any CPU
		{E21BB4C3-4A06-4B31-9626-205E4483FB74}.Debug|x86.ActiveCfg = Debug|Any CPU
		{E21BB4C3-4A06-4B31-9626-205E4483FB74}.Debug|x86.Build.0 = Debug|Any CPU
		{E21BB4C3-4A06-4B31-9626-205E4483FB74}.Release|Any CPU.ActiveCfg = Release|Any CPU
		{E21BB4C3-4A06-4B31-9626-205E4483FB74}.Release|Any CPU.Build.0 = Release|Any CPU
		{E21BB4C3-4A06-4B31-9626-205E4483FB74}.Release|ARM.ActiveCfg = Release|Any CPU
		{E21BB4C3-4A06-4B31-9626-205E4483FB74}.Release|ARM.Build.0 = Release|Any CPU
		{E21BB4C3-4A06-4B31-9626-205E4483FB74}.Release|ARM64.ActiveCfg = Release|Any CPU
		{E21BB4C3-4A06-4B31-9626-205E4483FB74}.Release|ARM64.Build.0 = Release|Any CPU
		{E21BB4C3-4A06-4B31-9626-205E4483FB74}.Release|x64.ActiveCfg = Release|Any CPU
		{E21BB4C3-4A06-4B31-9626-205E4483FB74}.Release|x64.Build.0 = Release|Any CPU
		{E21BB4C3-4A06-4B31-9626-205E4483FB74}.Release|x86.ActiveCfg = Release|Any CPU
		{E21BB4C3-4A06-4B31-9626-205E4483FB74}.Release|x86.Build.0 = Release|Any CPU
		{0560F01A-2591-477A-95E8-F43C714ED503}.Debug|Any CPU.ActiveCfg = Debug|x86
		{0560F01A-2591-477A-95E8-F43C714ED503}.Debug|ARM.ActiveCfg = Debug|ARM
		{0560F01A-2591-477A-95E8-F43C714ED503}.Debug|ARM.Build.0 = Debug|ARM
		{0560F01A-2591-477A-95E8-F43C714ED503}.Debug|ARM.Deploy.0 = Debug|ARM
		{0560F01A-2591-477A-95E8-F43C714ED503}.Debug|ARM64.ActiveCfg = Debug|ARM64
		{0560F01A-2591-477A-95E8-F43C714ED503}.Debug|ARM64.Build.0 = Debug|ARM64
		{0560F01A-2591-477A-95E8-F43C714ED503}.Debug|ARM64.Deploy.0 = Debug|ARM64
		{0560F01A-2591-477A-95E8-F43C714ED503}.Debug|x64.ActiveCfg = Debug|x64
		{0560F01A-2591-477A-95E8-F43C714ED503}.Debug|x64.Build.0 = Debug|x64
		{0560F01A-2591-477A-95E8-F43C714ED503}.Debug|x64.Deploy.0 = Debug|x64
		{0560F01A-2591-477A-95E8-F43C714ED503}.Debug|x86.ActiveCfg = Debug|x86
		{0560F01A-2591-477A-95E8-F43C714ED503}.Debug|x86.Build.0 = Debug|x86
		{0560F01A-2591-477A-95E8-F43C714ED503}.Debug|x86.Deploy.0 = Debug|x86
		{0560F01A-2591-477A-95E8-F43C714ED503}.Release|Any CPU.ActiveCfg = Release|x86
		{0560F01A-2591-477A-95E8-F43C714ED503}.Release|ARM.ActiveCfg = Release|ARM
		{0560F01A-2591-477A-95E8-F43C714ED503}.Release|ARM.Build.0 = Release|ARM
		{0560F01A-2591-477A-95E8-F43C714ED503}.Release|ARM.Deploy.0 = Release|ARM
		{0560F01A-2591-477A-95E8-F43C714ED503}.Release|ARM64.ActiveCfg = Release|ARM64
		{0560F01A-2591-477A-95E8-F43C714ED503}.Release|ARM64.Build.0 = Release|ARM64
		{0560F01A-2591-477A-95E8-F43C714ED503}.Release|ARM64.Deploy.0 = Release|ARM64
		{0560F01A-2591-477A-95E8-F43C714ED503}.Release|x64.ActiveCfg = Release|x64
		{0560F01A-2591-477A-95E8-F43C714ED503}.Release|x64.Build.0 = Release|x64
		{0560F01A-2591-477A-95E8-F43C714ED503}.Release|x64.Deploy.0 = Release|x64
		{0560F01A-2591-477A-95E8-F43C714ED503}.Release|x86.ActiveCfg = Release|x86
		{0560F01A-2591-477A-95E8-F43C714ED503}.Release|x86.Build.0 = Release|x86
		{0560F01A-2591-477A-95E8-F43C714ED503}.Release|x86.Deploy.0 = Release|x86
		{2B759E78-7391-4140-B891-8CF91D52372A}.Debug|Any CPU.ActiveCfg = Debug|Any CPU
		{2B759E78-7391-4140-B891-8CF91D52372A}.Debug|Any CPU.Build.0 = Debug|Any CPU
		{2B759E78-7391-4140-B891-8CF91D52372A}.Debug|Any CPU.Deploy.0 = Debug|Any CPU
		{2B759E78-7391-4140-B891-8CF91D52372A}.Debug|ARM.ActiveCfg = Debug|ARM
		{2B759E78-7391-4140-B891-8CF91D52372A}.Debug|ARM.Build.0 = Debug|ARM
		{2B759E78-7391-4140-B891-8CF91D52372A}.Debug|ARM.Deploy.0 = Debug|ARM
		{2B759E78-7391-4140-B891-8CF91D52372A}.Debug|ARM64.ActiveCfg = Debug|ARM64
		{2B759E78-7391-4140-B891-8CF91D52372A}.Debug|ARM64.Build.0 = Debug|ARM64
		{2B759E78-7391-4140-B891-8CF91D52372A}.Debug|ARM64.Deploy.0 = Debug|ARM64
		{2B759E78-7391-4140-B891-8CF91D52372A}.Debug|x64.ActiveCfg = Debug|x64
		{2B759E78-7391-4140-B891-8CF91D52372A}.Debug|x64.Build.0 = Debug|x64
		{2B759E78-7391-4140-B891-8CF91D52372A}.Debug|x64.Deploy.0 = Debug|x64
		{2B759E78-7391-4140-B891-8CF91D52372A}.Debug|x86.ActiveCfg = Debug|x86
		{2B759E78-7391-4140-B891-8CF91D52372A}.Debug|x86.Build.0 = Debug|x86
		{2B759E78-7391-4140-B891-8CF91D52372A}.Debug|x86.Deploy.0 = Debug|x86
		{2B759E78-7391-4140-B891-8CF91D52372A}.Release|Any CPU.ActiveCfg = Release|Any CPU
		{2B759E78-7391-4140-B891-8CF91D52372A}.Release|Any CPU.Build.0 = Release|Any CPU
		{2B759E78-7391-4140-B891-8CF91D52372A}.Release|Any CPU.Deploy.0 = Release|Any CPU
		{2B759E78-7391-4140-B891-8CF91D52372A}.Release|ARM.ActiveCfg = Release|ARM
		{2B759E78-7391-4140-B891-8CF91D52372A}.Release|ARM.Build.0 = Release|ARM
		{2B759E78-7391-4140-B891-8CF91D52372A}.Release|ARM.Deploy.0 = Release|ARM
		{2B759E78-7391-4140-B891-8CF91D52372A}.Release|ARM64.ActiveCfg = Release|ARM64
		{2B759E78-7391-4140-B891-8CF91D52372A}.Release|ARM64.Build.0 = Release|ARM64
		{2B759E78-7391-4140-B891-8CF91D52372A}.Release|ARM64.Deploy.0 = Release|ARM64
		{2B759E78-7391-4140-B891-8CF91D52372A}.Release|x64.ActiveCfg = Release|x64
		{2B759E78-7391-4140-B891-8CF91D52372A}.Release|x64.Build.0 = Release|x64
		{2B759E78-7391-4140-B891-8CF91D52372A}.Release|x64.Deploy.0 = Release|x64
		{2B759E78-7391-4140-B891-8CF91D52372A}.Release|x86.ActiveCfg = Release|x86
		{2B759E78-7391-4140-B891-8CF91D52372A}.Release|x86.Build.0 = Release|x86
		{2B759E78-7391-4140-B891-8CF91D52372A}.Release|x86.Deploy.0 = Release|x86
	EndGlobalSection
	GlobalSection(SolutionProperties) = preSolution
		HideSolutionNode = FALSE
	EndGlobalSection
	GlobalSection(ExtensibilityGlobals) = postSolution
		SolutionGuid = {B0DE6744-97EA-47F2-BA6C-7B9AF6213255}
	EndGlobalSection
EndGlobal
